
Microsoft Visual Studio Solution File, Format Version 12.00
# Visual Studio Version 17
VisualStudioVersion = 17.7.34031.279
MinimumVisualStudioVersion = 10.0.40219.1
Project("{9A19103F-16F7-4668-BE54-9A1E7A4F7556}") = "RMS.Client", "RMS.Client.csproj", "{B584DE57-C7B9-4559-ACAB-7327643B4E46}"
EndProject
Global
	GlobalSection(SolutionConfigurationPlatforms) = preSolution
		Debug|Any CPU = Debug|Any CPU
		Release|Any CPU = Release|Any CPU
	EndGlobalSection
	GlobalSection(ProjectConfigurationPlatforms) = postSolution
		{B584DE57-C7B9-4559-ACAB-7327643B4E46}.Debug|Any CPU.ActiveCfg = Debug|Any CPU
		{B584DE57-C7B9-4559-ACAB-7327643B4E46}.Debug|Any CPU.Build.0 = Debug|Any CPU
		{B584DE57-C7B9-4559-ACAB-7327643B4E46}.Release|Any CPU.ActiveCfg = Release|Any CPU
		{B584DE57-C7B9-4559-ACAB-7327643B4E46}.Release|Any CPU.Build.0 = Release|Any CPU
	EndGlobalSection
	GlobalSection(SolutionProperties) = preSolution
		HideSolutionNode = FALSE
	EndGlobalSection
	GlobalSection(ExtensibilityGlobals) = postSolution
		SolutionGuid = {CA9C9E1A-9E70-43BF-AC83-AA2C6375B49E}
	EndGlobalSection
EndGlobal
